// !$*UTF8*$!
{
	archiveVersion = 1;
	classes = {
	};
	objectVersion = 77;
	objects = {

/* Begin PBXBuildFile section */
		231113D42F7E8B82003CF8F9 /* FirebaseCrashlytics in Frameworks */ = {isa = PBXBuildFile; productRef = 231113D32F7E8B82003CF8F9 /* FirebaseCrashlytics */; };
		231119092F83EE54003CF8F9 /* WidgetKit.framework in Frameworks */ = {isa = PBXBuildFile; fileRef = 231119082F83EE54003CF8F9 /* WidgetKit.framework */; };
		2311190B2F83EE54003CF8F9 /* SwiftUI.framework in Frameworks */ = {isa = PBXBuildFile; fileRef = 2311190A2F83EE54003CF8F9 /* SwiftUI.framework */; };
		231119162F83EE56003CF8F9 /* VittoWidgetExtension.appex in Embed Foundation Extensions */ = {isa = PBXBuildFile; fileRef = 231119062F83EE54003CF8F9 /* VittoWidgetExtension.appex */; settings = {ATTRIBUTES = (RemoveHeadersOnCopy, ); }; };
		2399B1A02F8E912F00A562D2 /* FirebaseAnalytics in Frameworks */ = {isa = PBXBuildFile; productRef = 2399B19F2F8E912F00A562D2 /* FirebaseAnalytics */; };
		23EF9FD42F6E630000CD87AF /* SnapKit in Frameworks */ = {isa = PBXBuildFile; productRef = 23EF9FD32F6E630000CD87AF /* SnapKit */; };
		23EF9FD72F6E631400CD87AF /* RxCocoa in Frameworks */ = {isa = PBXBuildFile; productRef = 23EF9FD62F6E631400CD87AF /* RxCocoa */; };
		23EF9FD92F6E631400CD87AF /* RxSwift in Frameworks */ = {isa = PBXBuildFile; productRef = 23EF9FD82F6E631400CD87AF /* RxSwift */; };
		23EFA0452F6E9E3000CD87AF /* Kingfisher in Frameworks */ = {isa = PBXBuildFile; productRef = 23EFA0442F6E9E3000CD87AF /* Kingfisher */; };
/* End PBXBuildFile section */

/* Begin PBXContainerItemProxy section */
		231119142F83EE56003CF8F9 /* PBXContainerItemProxy */ = {
			isa = PBXContainerItemProxy;
			containerPortal = 23EF9FB22F6E530D00CD87AF /* Project object */;
			proxyType = 1;
			remoteGlobalIDString = 231119052F83EE54003CF8F9;
			remoteInfo = VittoWidgetExtension;
		};
/* End PBXContainerItemProxy section */

/* Begin PBXCopyFilesBuildPhase section */
		231119172F83EE56003CF8F9 /* Embed Foundation Extensions */ = {
			isa = PBXCopyFilesBuildPhase;
			buildActionMask = 2147483647;
			dstPath = "";
			dstSubfolderSpec = 13;
			files = (
				231119162F83EE56003CF8F9 /* VittoWidgetExtension.appex in Embed Foundation Extensions */,
			);
			name = "Embed Foundation Extensions";
			runOnlyForDeploymentPostprocessing = 0;
		};
/* End PBXCopyFilesBuildPhase section */

/* Begin PBXFileReference section */
		231119062F83EE54003CF8F9 /* VittoWidgetExtension.appex */ = {isa = PBXFileReference; explicitFileType = "wrapper.app-extension"; includeInIndex = 0; path = VittoWidgetExtension.appex; sourceTree = BUILT_PRODUCTS_DIR; };
		231119082F83EE54003CF8F9 /* WidgetKit.framework */ = {isa = PBXFileReference; lastKnownFileType = wrapper.framework; name = WidgetKit.framework; path = System/Library/Frameworks/WidgetKit.framework; sourceTree = SDKROOT; };
		2311190A2F83EE54003CF8F9 /* SwiftUI.framework */ = {isa = PBXFileReference; lastKnownFileType = wrapper.framework; name = SwiftUI.framework; path = System/Library/Frameworks/SwiftUI.framework; sourceTree = SDKROOT; };
		2311191C2F83F7BE003CF8F9 /* VittoWidgetExtension.entitlements */ = {isa = PBXFileReference; lastKnownFileType = text.plist.entitlements; path = VittoWidgetExtension.entitlements; sourceTree = "<group>"; };
		23EF9FBA2F6E530D00CD87AF /* Vitto.app */ = {isa = PBXFileReference; explicitFileType = wrapper.application; includeInIndex = 0; path = Vitto.app; sourceTree = BUILT_PRODUCTS_DIR; };
/* End PBXFileReference section */

/* Begin PBXFileSystemSynchronizedBuildFileExceptionSet section */
		2311191B2F83EE56003CF8F9 /* Exceptions for "VittoWidget" folder in "VittoWidgetExtension" target */ = {
			isa = PBXFileSystemSynchronizedBuildFileExceptionSet;
			membershipExceptions = (
				Info.plist,
			);
			target = 231119052F83EE54003CF8F9 /* VittoWidgetExtension */;
		};
		23111A322F840FCC003CF8F9 /* Exceptions for "Vitto" folder in "VittoWidgetExtension" target */ = {
			isa = PBXFileSystemSynchronizedBuildFileExceptionSet;
			membershipExceptions = (
				Shared/SharedFileStorage.swift,
				Shared/SharedModel.swift,
				"Shared/SharedUserDefaults+.swift",
			);
			target = 231119052F83EE54003CF8F9 /* VittoWidgetExtension */;
		};
		23EF9FCC2F6E530F00CD87AF /* Exceptions for "Vitto" folder in "Vitto" target */ = {
			isa = PBXFileSystemSynchronizedBuildFileExceptionSet;
			membershipExceptions = (
				Info.plist,
			);
			target = 23EF9FB92F6E530D00CD87AF /* Vitto */;
		};
/* End PBXFileSystemSynchronizedBuildFileExceptionSet section */

/* Begin PBXFileSystemSynchronizedRootGroup section */
		2311190C2F83EE54003CF8F9 /* VittoWidget */ = {
			isa = PBXFileSystemSynchronizedRootGroup;
			exceptions = (
				2311191B2F83EE56003CF8F9 /* Exceptions for "VittoWidget" folder in "VittoWidgetExtension" target */,
			);
			path = VittoWidget;
			sourceTree = "<group>";
		};
		23EF9FBC2F6E530D00CD87AF /* Vitto */ = {
			isa = PBXFileSystemSynchronizedRootGroup;
			exceptions = (
				23EF9FCC2F6E530F00CD87AF /* Exceptions for "Vitto" folder in "Vitto" target */,
				23111A322F840FCC003CF8F9 /* Exceptions for "Vitto" folder in "VittoWidgetExtension" target */,
			);
			path = Vitto;
			sourceTree = "<group>";
		};
/* End PBXFileSystemSynchronizedRootGroup section */

/* Begin PBXFrameworksBuildPhase section */
		231119032F83EE54003CF8F9 /* Frameworks */ = {
			isa = PBXFrameworksBuildPhase;
			buildActionMask = 2147483647;
			files = (
				2311190B2F83EE54003CF8F9 /* SwiftUI.framework in Frameworks */,
				231119092F83EE54003CF8F9 /* WidgetKit.framework in Frameworks */,
			);
			runOnlyForDeploymentPostprocessing = 0;
		};
		23EF9FB72F6E530D00CD87AF /* Frameworks */ = {
			isa = PBXFrameworksBuildPhase;
			buildActionMask = 2147483647;
			files = (
				23EFA0452F6E9E3000CD87AF /* Kingfisher in Frameworks */,
				23EF9FD92F6E631400CD87AF /* RxSwift in Frameworks */,
				2399B1A02F8E912F00A562D2 /* FirebaseAnalytics in Frameworks */,
				231113D42F7E8B82003CF8F9 /* FirebaseCrashlytics in Frameworks */,
				23EF9FD72F6E631400CD87AF /* RxCocoa in Frameworks */,
				23EF9FD42F6E630000CD87AF /* SnapKit in Frameworks */,
			);
			runOnlyForDeploymentPostprocessing = 0;
		};
/* End PBXFrameworksBuildPhase section */

/* Begin PBXGroup section */
		231119072F83EE54003CF8F9 /* Frameworks */ = {
			isa = PBXGroup;
			children = (
				231119082F83EE54003CF8F9 /* WidgetKit.framework */,
				2311190A2F83EE54003CF8F9 /* SwiftUI.framework */,
			);
			name = Frameworks;
			sourceTree = "<group>";
		};
		23EF9FB12F6E530D00CD87AF = {
			isa = PBXGroup;
			children = (
				2311191C2F83F7BE003CF8F9 /* VittoWidgetExtension.entitlements */,
				23EF9FBC2F6E530D00CD87AF /* Vitto */,
				2311190C2F83EE54003CF8F9 /* VittoWidget */,
				231119072F83EE54003CF8F9 /* Frameworks */,
				23EF9FBB2F6E530D00CD87AF /* Products */,
			);
			sourceTree = "<group>";
		};
		23EF9FBB2F6E530D00CD87AF /* Products */ = {
			isa = PBXGroup;
			children = (
				23EF9FBA2F6E530D00CD87AF /* Vitto.app */,
				231119062F83EE54003CF8F9 /* VittoWidgetExtension.appex */,
			);
			name = Products;
			sourceTree = "<group>";
		};
/* End PBXGroup section */

/* Begin PBXNativeTarget section */
		231119052F83EE54003CF8F9 /* VittoWidgetExtension */ = {
			isa = PBXNativeTarget;
			buildConfigurationList = 2311191A2F83EE56003CF8F9 /* Build configuration list for PBXNativeTarget "VittoWidgetExtension" */;
			buildPhases = (
				231119022F83EE54003CF8F9 /* Sources */,
				231119032F83EE54003CF8F9 /* Frameworks */,
				231119042F83EE54003CF8F9 /* Resources */,
			);
			buildRules = (
			);
			dependencies = (
			);
			fileSystemSynchronizedGroups = (
				2311190C2F83EE54003CF8F9 /* VittoWidget */,
			);
			name = VittoWidgetExtension;
			packageProductDependencies = (
			);
			productName = VittoWidgetExtension;
			productReference = 231119062F83EE54003CF8F9 /* VittoWidgetExtension.appex */;
			productType = "com.apple.product-type.app-extension";
		};
		23EF9FB92F6E530D00CD87AF /* Vitto */ = {
			isa = PBXNativeTarget;
			buildConfigurationList = 23EF9FCD2F6E530F00CD87AF /* Build configuration list for PBXNativeTarget "Vitto" */;
			buildPhases = (
				23EF9FB62F6E530D00CD87AF /* Sources */,
				23EF9FB72F6E530D00CD87AF /* Frameworks */,
				23EF9FB82F6E530D00CD87AF /* Resources */,
				231119172F83EE56003CF8F9 /* Embed Foundation Extensions */,
				231113D52F7E92B4003CF8F9 /* Run Script */,
			);
			buildRules = (
			);
			dependencies = (
				231119152F83EE56003CF8F9 /* PBXTargetDependency */,
			);
			fileSystemSynchronizedGroups = (
				23EF9FBC2F6E530D00CD87AF /* Vitto */,
			);
			name = Vitto;
			packageProductDependencies = (
				23EF9FD32F6E630000CD87AF /* SnapKit */,
				23EF9FD62F6E631400CD87AF /* RxCocoa */,
				23EF9FD82F6E631400CD87AF /* RxSwift */,
				23EFA0442F6E9E3000CD87AF /* Kingfisher */,
				231113D32F7E8B82003CF8F9 /* FirebaseCrashlytics */,
				2399B19F2F8E912F00A562D2 /* FirebaseAnalytics */,
			);
			productName = Vitto;
			productReference = 23EF9FBA2F6E530D00CD87AF /* Vitto.app */;
			productType = "com.apple.product-type.application";
		};
/* End PBXNativeTarget section */

/* Begin PBXProject section */
		23EF9FB22F6E530D00CD87AF /* Project object */ = {
			isa = PBXProject;
			attributes = {
				BuildIndependentTargetsInParallel = 1;
				LastSwiftUpdateCheck = 2630;
				LastUpgradeCheck = 2630;
				TargetAttributes = {
					231119052F83EE54003CF8F9 = {
						CreatedOnToolsVersion = 26.3;
					};
					23EF9FB92F6E530D00CD87AF = {
						CreatedOnToolsVersion = 26.3;
					};
				};
			};
			buildConfigurationList = 23EF9FB52F6E530D00CD87AF /* Build configuration list for PBXProject "Vitto" */;
			developmentRegion = en;
			hasScannedForEncodings = 0;
			knownRegions = (
				en,
				Base,
			);
			mainGroup = 23EF9FB12F6E530D00CD87AF;
			minimizedProjectReferenceProxies = 1;
			packageReferences = (
				23EF9FD22F6E630000CD87AF /* XCRemoteSwiftPackageReference "SnapKit" */,
				23EF9FD52F6E631400CD87AF /* XCRemoteSwiftPackageReference "RxSwift" */,
				23EFA0432F6E9E3000CD87AF /* XCRemoteSwiftPackageReference "Kingfisher" */,
				231113D02F7E8B82003CF8F9 /* XCRemoteSwiftPackageReference "firebase-ios-sdk" */,
			);
			preferredProjectObjectVersion = 77;
			productRefGroup = 23EF9FBB2F6E530D00CD87AF /* Products */;
			projectDirPath = "";
			projectRoot = "";
			targets = (
				23EF9FB92F6E530D00CD87AF /* Vitto */,
				231119052F83EE54003CF8F9 /* VittoWidgetExtension */,
			);
		};
/* End PBXProject section */

/* Begin PBXResourcesBuildPhase section */
		231119042F83EE54003CF8F9 /* Resources */ = {
			isa = PBXResourcesBuildPhase;
			buildActionMask = 2147483647;
			files = (
			);
			runOnlyForDeploymentPostprocessing = 0;
		};
		23EF9FB82F6E530D00CD87AF /* Resources */ = {
			isa = PBXResourcesBuildPhase;
			buildActionMask = 2147483647;
			files = (
			);
			runOnlyForDeploymentPostprocessing = 0;
		};
/* End PBXResourcesBuildPhase section */

/* Begin PBXShellScriptBuildPhase section */
		231113D52F7E92B4003CF8F9 /* Run Script */ = {
			isa = PBXShellScriptBuildPhase;
			buildActionMask = 2147483647;
			files = (
			);
			inputFileListPaths = (
			);
			inputPaths = (
				"${DWARF_DSYM_FOLDER_PATH}/${DWARF_DSYM_FILE_NAME}",
				"${DWARF_DSYM_FOLDER_PATH}/${DWARF_DSYM_FILE_NAME}/Contents/Resources/DWARF/${PRODUCT_NAME}",
				"${DWARF_DSYM_FOLDER_PATH}/${DWARF_DSYM_FILE_NAME}/Contents/Info.plist",
				"$(TARGET_BUILD_DIR)/$(UNLOCALIZED_RESOURCES_FOLDER_PATH)/GoogleService-Info.plist",
				"$(TARGET_BUILD_DIR)/$(EXECUTABLE_PATH)",
				"${DWARF_DSYM_FOLDER_PATH}/${DWARF_DSYM_FILE_NAME}/Contents/Resources/DWARF/${PRODUCT_NAME}.debug.dylib",
			);
			name = "Run Script";
			outputFileListPaths = (
			);
			outputPaths = (
			);
			runOnlyForDeploymentPostprocessing = 0;
			shellPath = /bin/sh;
			shellScript = "# Type a script or drag a script file from your workspace to insert its path.\n\"${BUILD_DIR%/Build/*}/SourcePackages/checkouts/firebase-ios-sdk/Crashlytics/run\"\n";
		};
/* End PBXShellScriptBuildPhase section */

/* Begin PBXSourcesBuildPhase section */
		231119022F83EE54003CF8F9 /* Sources */ = {
			isa = PBXSourcesBuildPhase;
			buildActionMask = 2147483647;
			files = (
			);
			runOnlyForDeploymentPostprocessing = 0;
		};
		23EF9FB62F6E530D00CD87AF /* Sources */ = {
			isa = PBXSourcesBuildPhase;
			buildActionMask = 2147483647;
			files = (
			);
			runOnlyForDeploymentPostprocessing = 0;
		};
/* End PBXSourcesBuildPhase section */

/* Begin PBXTargetDependency section */
		231119152F83EE56003CF8F9 /* PBXTargetDependency */ = {
			isa = PBXTargetDependency;
			target = 231119052F83EE54003CF8F9 /* VittoWidgetExtension */;
			targetProxy = 231119142F83EE56003CF8F9 /* PBXContainerItemProxy */;
		};
/* End PBXTargetDependency section */

/* Begin XCBuildConfiguration section */
		231119182F83EE56003CF8F9 /* Debug */ = {
			isa = XCBuildConfiguration;
			buildSettings = {
				ASSETCATALOG_COMPILER_GLOBAL_ACCENT_COLOR_NAME = AccentColor;
				ASSETCATALOG_COMPILER_WIDGET_BACKGROUND_COLOR_NAME = WidgetBackground;
				CODE_SIGN_ENTITLEMENTS = VittoWidgetExtension.entitlements;
				CODE_SIGN_STYLE = Automatic;
				CURRENT_PROJECT_VERSION = 1;
				DEVELOPMENT_TEAM = ZT27N85LQ5;
				GENERATE_INFOPLIST_FILE = YES;
				INFOPLIST_FILE = VittoWidget/Info.plist;
				INFOPLIST_KEY_CFBundleDisplayName = VittoWidget;
				INFOPLIST_KEY_NSHumanReadableCopyright = "";
				IPHONEOS_DEPLOYMENT_TARGET = 17.0;
				LD_RUNPATH_SEARCH_PATHS = (
					"$(inherited)",
					"@executable_path/Frameworks",
					"@executable_path/../../Frameworks",
				);
				MARKETING_VERSION = 1.0;
				PRODUCT_BUNDLE_IDENTIFIER = com.siro.Vitto.VittoWidget;
				PRODUCT_NAME = "$(TARGET_NAME)";
				SKIP_INSTALL = YES;
				STRING_CATALOG_GENERATE_SYMBOLS = YES;
				SUPPORTED_PLATFORMS = "iphoneos iphonesimulator";
				SUPPORTS_MACCATALYST = NO;
				SUPPORTS_MAC_DESIGNED_FOR_IPHONE_IPAD = NO;
				SUPPORTS_XR_DESIGNED_FOR_IPHONE_IPAD = NO;
				SWIFT_APPROACHABLE_CONCURRENCY = YES;
				SWIFT_EMIT_LOC_STRINGS = YES;
				SWIFT_UPCOMING_FEATURE_MEMBER_IMPORT_VISIBILITY = YES;
				SWIFT_VERSION = 5.0;
				TARGETED_DEVICE_FAMILY = "1,2";
			};
			name = Debug;
		};
		231119192F83EE56003CF8F9 /* Release */ = {
			isa = XCBuildConfiguration;
			buildSettings = {
				ASSETCATALOG_COMPILER_GLOBAL_ACCENT_COLOR_NAME = AccentColor;
				ASSETCATALOG_COMPILER_WIDGET_BACKGROUND_COLOR_NAME = WidgetBackground;
				CODE_SIGN_ENTITLEMENTS = VittoWidgetExtension.entitlements;
				CODE_SIGN_STYLE = Automatic;
				CURRENT_PROJECT_VERSION = 1;
				DEVELOPMENT_TEAM = ZT27N85LQ5;
				GENERATE_INFOPLIST_FILE = YES;
				INFOPLIST_FILE = VittoWidget/Info.plist;
				INFOPLIST_KEY_CFBundleDisplayName = VittoWidget;
				INFOPLIST_KEY_NSHumanReadableCopyright = "";
				IPHONEOS_DEPLOYMENT_TARGET = 17.0;
				LD_RUNPATH_SEARCH_PATHS = (
					"$(inherited)",
					"@executable_path/Frameworks",
					"@executable_path/../../Frameworks",
				);
				MARKETING_VERSION = 1.0;
				PRODUCT_BUNDLE_IDENTIFIER = com.siro.Vitto.VittoWidget;
				PRODUCT_NAME = "$(TARGET_NAME)";
				SKIP_INSTALL = YES;
				STRING_CATALOG_GENERATE_SYMBOLS = YES;
				SUPPORTED_PLATFORMS = "iphoneos iphonesimulator";
				SUPPORTS_MACCATALYST = NO;
				SUPPORTS_MAC_DESIGNED_FOR_IPHONE_IPAD = NO;
				SUPPORTS_XR_DESIGNED_FOR_IPHONE_IPAD = NO;
				SWIFT_APPROACHABLE_CONCURRENCY = YES;
				SWIFT_EMIT_LOC_STRINGS = YES;
				SWIFT_UPCOMING_FEATURE_MEMBER_IMPORT_VISIBILITY = YES;
				SWIFT_VERSION = 5.0;
				TARGETED_DEVICE_FAMILY = "1,2";
			};
			name = Release;
		};
		23EF9FCE2F6E530F00CD87AF /* Debug */ = {
			isa = XCBuildConfiguration;
			buildSettings = {
				ASSETCATALOG_COMPILER_APPICON_NAME = AppIcon;
				ASSETCATALOG_COMPILER_GLOBAL_ACCENT_COLOR_NAME = AccentColor;
				CODE_SIGN_ENTITLEMENTS = Vitto/Vitto.entitlements;
				CODE_SIGN_STYLE = Automatic;
				CURRENT_PROJECT_VERSION = 7;
				DEBUG_INFORMATION_FORMAT = "dwarf-with-dsym";
				DEVELOPMENT_TEAM = ZT27N85LQ5;
				GENERATE_INFOPLIST_FILE = YES;
				INFOPLIST_FILE = Vitto/Info.plist;
				INFOPLIST_KEY_LSApplicationCategoryType = "public.app-category.music";
				INFOPLIST_KEY_NSAppleMusicUsageDescription = "음악 취향을 분석하고 맞춤 추천을 제공하기 위해 Apple Music 접근 권한이 필요합니다.";
				INFOPLIST_KEY_NSLocationWhenInUseUsageDescription = "현재 날씨 정보를 기록하기 위해 위치 권한이 필요합니다.";
				INFOPLIST_KEY_UIApplicationSupportsIndirectInputEvents = YES;
				INFOPLIST_KEY_UILaunchStoryboardName = LaunchScreen;
				INFOPLIST_KEY_UIMainStoryboardFile = "";
				INFOPLIST_KEY_UISupportedInterfaceOrientations = UIInterfaceOrientationPortrait;
				INFOPLIST_KEY_UISupportedInterfaceOrientations_iPad = "UIInterfaceOrientationLandscapeLeft UIInterfaceOrientationLandscapeRight UIInterfaceOrientationPortrait UIInterfaceOrientationPortraitUpsideDown";
				INFOPLIST_KEY_UIUserInterfaceStyle = Dark;
				IPHONEOS_DEPLOYMENT_TARGET = 17.0;
				LD_RUNPATH_SEARCH_PATHS = (
					"$(inherited)",
					"@executable_path/Frameworks",
				);
				MARKETING_VERSION = 1.3.0;
				PRODUCT_BUNDLE_IDENTIFIER = com.siro.Vitto;
				PRODUCT_NAME = "$(TARGET_NAME)";
				STRING_CATALOG_GENERATE_SYMBOLS = YES;
				SUPPORTED_PLATFORMS = "iphoneos iphonesimulator";
				SUPPORTS_MACCATALYST = NO;
				SUPPORTS_MAC_DESIGNED_FOR_IPHONE_IPAD = NO;
				SUPPORTS_XR_DESIGNED_FOR_IPHONE_IPAD = NO;
				SWIFT_APPROACHABLE_CONCURRENCY = YES;
				SWIFT_DEFAULT_ACTOR_ISOLATION = MainActor;
				SWIFT_EMIT_LOC_STRINGS = YES;
				SWIFT_UPCOMING_FEATURE_MEMBER_IMPORT_VISIBILITY = YES;
				SWIFT_VERSION = 5.0;
				TARGETED_DEVICE_FAMILY = "1,2";
			};
			name = Debug;
		};
		23EF9FCF2F6E530F00CD87AF /* Release */ = {
			isa = XCBuildConfiguration;
			buildSettings = {
				ASSETCATALOG_COMPILER_APPICON_NAME = AppIcon;
				ASSETCATALOG_COMPILER_GLOBAL_ACCENT_COLOR_NAME = AccentColor;
				CODE_SIGN_ENTITLEMENTS = Vitto/Vitto.entitlements;
				CODE_SIGN_STYLE = Automatic;
				CURRENT_PROJECT_VERSION = 7;
				DEVELOPMENT_TEAM = ZT27N85LQ5;
				GENERATE_INFOPLIST_FILE = YES;
				INFOPLIST_FILE = Vitto/Info.plist;
				INFOPLIST_KEY_LSApplicationCategoryType = "public.app-category.music";
				INFOPLIST_KEY_NSAppleMusicUsageDescription = "음악 취향을 분석하고 맞춤 추천을 제공하기 위해 Apple Music 접근 권한이 필요합니다.";
				INFOPLIST_KEY_NSLocationWhenInUseUsageDescription = "현재 날씨 정보를 기록하기 위해 위치 권한이 필요합니다.";
				INFOPLIST_KEY_UIApplicationSupportsIndirectInputEvents = YES;
				INFOPLIST_KEY_UILaunchStoryboardName = LaunchScreen;
				INFOPLIST_KEY_UIMainStoryboardFile = "";
				INFOPLIST_KEY_UISupportedInterfaceOrientations = UIInterfaceOrientationPortrait;
				INFOPLIST_KEY_UISupportedInterfaceOrientations_iPad = "UIInterfaceOrientationLandscapeLeft UIInterfaceOrientationLandscapeRight UIInterfaceOrientationPortrait UIInterfaceOrientationPortraitUpsideDown";
				INFOPLIST_KEY_UIUserInterfaceStyle = Dark;
				IPHONEOS_DEPLOYMENT_TARGET = 17.0;
				LD_RUNPATH_SEARCH_PATHS = (
					"$(inherited)",
					"@executable_path/Frameworks",
				);
				MARKETING_VERSION = 1.3.0;
				PRODUCT_BUNDLE_IDENTIFIER = com.siro.Vitto;
				PRODUCT_NAME = "$(TARGET_NAME)";
				STRING_CATALOG_GENERATE_SYMBOLS = YES;
				SUPPORTED_PLATFORMS = "iphoneos iphonesimulator";
				SUPPORTS_MACCATALYST = NO;
				SUPPORTS_MAC_DESIGNED_FOR_IPHONE_IPAD = NO;
				SUPPORTS_XR_DESIGNED_FOR_IPHONE_IPAD = NO;
				SWIFT_APPROACHABLE_CONCURRENCY = YES;
				SWIFT_DEFAULT_ACTOR_ISOLATION = MainActor;
				SWIFT_EMIT_LOC_STRINGS = YES;
				SWIFT_UPCOMING_FEATURE_MEMBER_IMPORT_VISIBILITY = YES;
				SWIFT_VERSION = 5.0;
				TARGETED_DEVICE_FAMILY = "1,2";
			};
			name = Release;
		};
		23EF9FD02F6E530F00CD87AF /* Debug */ = {
			isa = XCBuildConfiguration;
			buildSettings = {
				ALWAYS_SEARCH_USER_PATHS = NO;
				ASSETCATALOG_COMPILER_GENERATE_SWIFT_ASSET_SYMBOL_EXTENSIONS = YES;
				CLANG_ANALYZER_NONNULL = YES;
				CLANG_ANALYZER_NUMBER_OBJECT_CONVERSION = YES_AGGRESSIVE;
				CLANG_CXX_LANGUAGE_STANDARD = "gnu++20";
				CLANG_ENABLE_MODULES = YES;
				CLANG_ENABLE_OBJC_ARC = YES;
				CLANG_ENABLE_OBJC_WEAK = YES;
				CLANG_WARN_BLOCK_CAPTURE_AUTORELEASING = YES;
				CLANG_WARN_BOOL_CONVERSION = YES;
				CLANG_WARN_COMMA = YES;
				CLANG_WARN_CONSTANT_CONVERSION = YES;
				CLANG_WARN_DEPRECATED_OBJC_IMPLEMENTATIONS = YES;
				CLANG_WARN_DIRECT_OBJC_ISA_USAGE = YES_ERROR;
				CLANG_WARN_DOCUMENTATION_COMMENTS = YES;
				CLANG_WARN_EMPTY_BODY = YES;
				CLANG_WARN_ENUM_CONVERSION = YES;
				CLANG_WARN_INFINITE_RECURSION = YES;
				CLANG_WARN_INT_CONVERSION = YES;
				CLANG_WARN_NON_LITERAL_NULL_CONVERSION = YES;
				CLANG_WARN_OBJC_IMPLICIT_RETAIN_SELF = YES;
				CLANG_WARN_OBJC_LITERAL_CONVERSION = YES;
				CLANG_WARN_OBJC_ROOT_CLASS = YES_ERROR;
				CLANG_WARN_QUOTED_INCLUDE_IN_FRAMEWORK_HEADER = YES;
				CLANG_WARN_RANGE_LOOP_ANALYSIS = YES;
				CLANG_WARN_STRICT_PROTOTYPES = YES;
				CLANG_WARN_SUSPICIOUS_MOVE = YES;
				CLANG_WARN_UNGUARDED_AVAILABILITY = YES_AGGRESSIVE;
				CLANG_WARN_UNREACHABLE_CODE = YES;
				CLANG_WARN__DUPLICATE_METHOD_MATCH = YES;
				COPY_PHASE_STRIP = NO;
				DEBUG_INFORMATION_FORMAT = dwarf;
				DEVELOPMENT_TEAM = ZT27N85LQ5;
				ENABLE_STRICT_OBJC_MSGSEND = YES;
				ENABLE_TESTABILITY = YES;
				ENABLE_USER_SCRIPT_SANDBOXING = YES;
				GCC_C_LANGUAGE_STANDARD = gnu17;
				GCC_DYNAMIC_NO_PIC = NO;
				GCC_NO_COMMON_BLOCKS = YES;
				GCC_OPTIMIZATION_LEVEL = 0;
				GCC_PREPROCESSOR_DEFINITIONS = (
					"DEBUG=1",
					"$(inherited)",
				);
				GCC_WARN_64_TO_32_BIT_CONVERSION = YES;
				GCC_WARN_ABOUT_RETURN_TYPE = YES_ERROR;
				GCC_WARN_UNDECLARED_SELECTOR = YES;
				GCC_WARN_UNINITIALIZED_AUTOS = YES_AGGRESSIVE;
				GCC_WARN_UNUSED_FUNCTION = YES;
				GCC_WARN_UNUSED_VARIABLE = YES;
				IPHONEOS_DEPLOYMENT_TARGET = 26.2;
				LOCALIZATION_PREFERS_STRING_CATALOGS = YES;
				MTL_ENABLE_DEBUG_INFO = INCLUDE_SOURCE;
				MTL_FAST_MATH = YES;
				ONLY_ACTIVE_ARCH = YES;
				SDKROOT = iphoneos;
				SWIFT_ACTIVE_COMPILATION_CONDITIONS = "DEBUG $(inherited)";
				SWIFT_OPTIMIZATION_LEVEL = "-Onone";
			};
			name = Debug;
		};
		23EF9FD12F6E530F00CD87AF /* Release */ = {
			isa = XCBuildConfiguration;
			buildSettings = {
				ALWAYS_SEARCH_USER_PATHS = NO;
				ASSETCATALOG_COMPILER_GENERATE_SWIFT_ASSET_SYMBOL_EXTENSIONS = YES;
				CLANG_ANALYZER_NONNULL = YES;
				CLANG_ANALYZER_NUMBER_OBJECT_CONVERSION = YES_AGGRESSIVE;
				CLANG_CXX_LANGUAGE_STANDARD = "gnu++20";
				CLANG_ENABLE_MODULES = YES;
				CLANG_ENABLE_OBJC_ARC = YES;
				CLANG_ENABLE_OBJC_WEAK = YES;
				CLANG_WARN_BLOCK_CAPTURE_AUTORELEASING = YES;
				CLANG_WARN_BOOL_CONVERSION = YES;
				CLANG_WARN_COMMA = YES;
				CLANG_WARN_CONSTANT_CONVERSION = YES;
				CLANG_WARN_DEPRECATED_OBJC_IMPLEMENTATIONS = YES;
				CLANG_WARN_DIRECT_OBJC_ISA_USAGE = YES_ERROR;
				CLANG_WARN_DOCUMENTATION_COMMENTS = YES;
				CLANG_WARN_EMPTY_BODY = YES;
				CLANG_WARN_ENUM_CONVERSION = YES;
				CLANG_WARN_INFINITE_RECURSION = YES;
				CLANG_WARN_INT_CONVERSION = YES;
				CLANG_WARN_NON_LITERAL_NULL_CONVERSION = YES;
				CLANG_WARN_OBJC_IMPLICIT_RETAIN_SELF = YES;
				CLANG_WARN_OBJC_LITERAL_CONVERSION = YES;
				CLANG_WARN_OBJC_ROOT_CLASS = YES_ERROR;
				CLANG_WARN_QUOTED_INCLUDE_IN_FRAMEWORK_HEADER = YES;
				CLANG_WARN_RANGE_LOOP_ANALYSIS = YES;
				CLANG_WARN_STRICT_PROTOTYPES = YES;
				CLANG_WARN_SUSPICIOUS_MOVE = YES;
				CLANG_WARN_UNGUARDED_AVAILABILITY = YES_AGGRESSIVE;
				CLANG_WARN_UNREACHABLE_CODE = YES;
				CLANG_WARN__DUPLICATE_METHOD_MATCH = YES;
				COPY_PHASE_STRIP = NO;
				DEBUG_INFORMATION_FORMAT = "dwarf-with-dsym";
				DEVELOPMENT_TEAM = ZT27N85LQ5;
				ENABLE_NS_ASSERTIONS = NO;
				ENABLE_STRICT_OBJC_MSGSEND = YES;
				ENABLE_USER_SCRIPT_SANDBOXING = YES;
				GCC_C_LANGUAGE_STANDARD = gnu17;
				GCC_NO_COMMON_BLOCKS = YES;
				GCC_WARN_64_TO_32_BIT_CONVERSION = YES;
				GCC_WARN_ABOUT_RETURN_TYPE = YES_ERROR;
				GCC_WARN_UNDECLARED_SELECTOR = YES;
				GCC_WARN_UNINITIALIZED_AUTOS = YES_AGGRESSIVE;
				GCC_WARN_UNUSED_FUNCTION = YES;
				GCC_WARN_UNUSED_VARIABLE = YES;
				IPHONEOS_DEPLOYMENT_TARGET = 26.2;
				LOCALIZATION_PREFERS_STRING_CATALOGS = YES;
				MTL_ENABLE_DEBUG_INFO = NO;
				MTL_FAST_MATH = YES;
				SDKROOT = iphoneos;
				SWIFT_COMPILATION_MODE = wholemodule;
				VALIDATE_PRODUCT = YES;
			};
			name = Release;
		};
/* End XCBuildConfiguration section */

/* Begin XCConfigurationList section */
		2311191A2F83EE56003CF8F9 /* Build configuration list for PBXNativeTarget "VittoWidgetExtension" */ = {
			isa = XCConfigurationList;
			buildConfigurations = (
				231119182F83EE56003CF8F9 /* Debug */,
				231119192F83EE56003CF8F9 /* Release */,
			);
			defaultConfigurationIsVisible = 0;
			defaultConfigurationName = Release;
		};
		23EF9FB52F6E530D00CD87AF /* Build configuration list for PBXProject "Vitto" */ = {
			isa = XCConfigurationList;
			buildConfigurations = (
				23EF9FD02F6E530F00CD87AF /* Debug */,
				23EF9FD12F6E530F00CD87AF /* Release */,
			);
			defaultConfigurationIsVisible = 0;
			defaultConfigurationName = Release;
		};
		23EF9FCD2F6E530F00CD87AF /* Build configuration list for PBXNativeTarget "Vitto" */ = {
			isa = XCConfigurationList;
			buildConfigurations = (
				23EF9FCE2F6E530F00CD87AF /* Debug */,
				23EF9FCF2F6E530F00CD87AF /* Release */,
			);
			defaultConfigurationIsVisible = 0;
			defaultConfigurationName = Release;
		};
/* End XCConfigurationList section */

/* Begin XCRemoteSwiftPackageReference section */
		231113D02F7E8B82003CF8F9 /* XCRemoteSwiftPackageReference "firebase-ios-sdk" */ = {
			isa = XCRemoteSwiftPackageReference;
			repositoryURL = "https://github.com/firebase/firebase-ios-sdk";
			requirement = {
				kind = upToNextMajorVersion;
				minimumVersion = 12.11.0;
			};
		};
		23EF9FD22F6E630000CD87AF /* XCRemoteSwiftPackageReference "SnapKit" */ = {
			isa = XCRemoteSwiftPackageReference;
			repositoryURL = "https://github.com/SnapKit/SnapKit.git";
			requirement = {
				kind = upToNextMajorVersion;
				minimumVersion = 5.7.1;
			};
		};
		23EF9FD52F6E631400CD87AF /* XCRemoteSwiftPackageReference "RxSwift" */ = {
			isa = XCRemoteSwiftPackageReference;
			repositoryURL = "https://github.com/ReactiveX/RxSwift.git";
			requirement = {
				kind = upToNextMajorVersion;
				minimumVersion = 6.10.2;
			};
		};
		23EFA0432F6E9E3000CD87AF /* XCRemoteSwiftPackageReference "Kingfisher" */ = {
			isa = XCRemoteSwiftPackageReference;
			repositoryURL = "https://github.com/onevcat/Kingfisher.git";
			requirement = {
				kind = upToNextMajorVersion;
				minimumVersion = 8.8.0;
			};
		};
/* End XCRemoteSwiftPackageReference section */

/* Begin XCSwiftPackageProductDependency section */
		231113D32F7E8B82003CF8F9 /* FirebaseCrashlytics */ = {
			isa = XCSwiftPackageProductDependency;
			package = 231113D02F7E8B82003CF8F9 /* XCRemoteSwiftPackageReference "firebase-ios-sdk" */;
			productName = FirebaseCrashlytics;
		};
		2399B19F2F8E912F00A562D2 /* FirebaseAnalytics */ = {
			isa = XCSwiftPackageProductDependency;
			package = 231113D02F7E8B82003CF8F9 /* XCRemoteSwiftPackageReference "firebase-ios-sdk" */;
			productName = FirebaseAnalytics;
		};
		23EF9FD32F6E630000CD87AF /* SnapKit */ = {
			isa = XCSwiftPackageProductDependency;
			package = 23EF9FD22F6E630000CD87AF /* XCRemoteSwiftPackageReference "SnapKit" */;
			productName = SnapKit;
		};
		23EF9FD62F6E631400CD87AF /* RxCocoa */ = {
			isa = XCSwiftPackageProductDependency;
			package = 23EF9FD52F6E631400CD87AF /* XCRemoteSwiftPackageReference "RxSwift" */;
			productName = RxCocoa;
		};
		23EF9FD82F6E631400CD87AF /* RxSwift */ = {
			isa = XCSwiftPackageProductDependency;
			package = 23EF9FD52F6E631400CD87AF /* XCRemoteSwiftPackageReference "RxSwift" */;
			productName = RxSwift;
		};
		23EFA0442F6E9E3000CD87AF /* Kingfisher */ = {
			isa = XCSwiftPackageProductDependency;
			package = 23EFA0432F6E9E3000CD87AF /* XCRemoteSwiftPackageReference "Kingfisher" */;
			productName = Kingfisher;
		};
/* End XCSwiftPackageProductDependency section */
	};
	rootObject = 23EF9FB22F6E530D00CD87AF /* Project object */;
}
